// !$*UTF8*$!
{
	archiveVersion = 1;
	classes = {
	};
	objectVersion = 56;
	objects = {

/* Begin PBXBuildFile section */
		5417A9452960E9810078BB82 /* Neural Network.swift in Sources */ = {isa = PBXBuildFile; fileRef = 5417A9442960E9810078BB82 /* Neural Network.swift */; };
		5417A98F296285D90078BB82 /* DataStorage.swift in Sources */ = {isa = PBXBuildFile; fileRef = 5417A98E296285D90078BB82 /* DataStorage.swift */; };
		5417A991296385EA0078BB82 /* NN Visualization.swift in Sources */ = {isa = PBXBuildFile; fileRef = 5417A990296385EA0078BB82 /* NN Visualization.swift */; };
		5417A9932963B2420078BB82 /* Population.swift in Sources */ = {isa = PBXBuildFile; fileRef = 5417A9922963B2420078BB82 /* Population.swift */; };
		5417A9952963B2680078BB82 /* Mouse.swift in Sources */ = {isa = PBXBuildFile; fileRef = 5417A9942963B2680078BB82 /* Mouse.swift */; };
		5417A9972963B2780078BB82 /* Animal.swift in Sources */ = {isa = PBXBuildFile; fileRef = 5417A9962963B2780078BB82 /* Animal.swift */; };
		5417A99B2963C6600078BB82 /* PongView.swift in Sources */ = {isa = PBXBuildFile; fileRef = 5417A99A2963C6600078BB82 /* PongView.swift */; };
		5417A99E2963D2D50078BB82 /* Vector.swift in Sources */ = {isa = PBXBuildFile; fileRef = 5417A99D2963D2D50078BB82 /* Vector.swift */; };
		5417A9A22963D3220078BB82 /* TicTacToe.swift in Sources */ = {isa = PBXBuildFile; fileRef = 5417A9A12963D3220078BB82 /* TicTacToe.swift */; };
		5417A9A429664D190078BB82 /* Organism.swift in Sources */ = {isa = PBXBuildFile; fileRef = 5417A9A329664D190078BB82 /* Organism.swift */; };
		5417A9A629665F640078BB82 /* Berries.swift in Sources */ = {isa = PBXBuildFile; fileRef = 5417A9A529665F640078BB82 /* Berries.swift */; };
		5417A9A8296758110078BB82 /* MouseView.swift in Sources */ = {isa = PBXBuildFile; fileRef = 5417A9A7296758110078BB82 /* MouseView.swift */; };
		5417A9AA296759010078BB82 /* FieldView.swift in Sources */ = {isa = PBXBuildFile; fileRef = 5417A9A9296759010078BB82 /* FieldView.swift */; };
		5417A9AC29675D000078BB82 /* BerryView.swift in Sources */ = {isa = PBXBuildFile; fileRef = 5417A9AB29675D000078BB82 /* BerryView.swift */; };
		54A755B02960E84500E91DE4 /* SwiftSafariApp.swift in Sources */ = {isa = PBXBuildFile; fileRef = 54A755AF2960E84500E91DE4 /* SwiftSafariApp.swift */; };
		54A755B22960E84500E91DE4 /* ContentView.swift in Sources */ = {isa = PBXBuildFile; fileRef = 54A755B12960E84500E91DE4 /* ContentView.swift */; };
		54A755B42960E84600E91DE4 /* Assets.xcassets in Resources */ = {isa = PBXBuildFile; fileRef = 54A755B32960E84600E91DE4 /* Assets.xcassets */; };
		54A755B82960E84600E91DE4 /* Preview Assets.xcassets in Resources */ = {isa = PBXBuildFile; fileRef = 54A755B72960E84600E91DE4 /* Preview Assets.xcassets */; };
/* End PBXBuildFile section */

/* Begin PBXFileReference section */
		5417A9442960E9810078BB82 /* Neural Network.swift */ = {isa = PBXFileReference; lastKnownFileType = sourcecode.swift; path = "Neural Network.swift"; sourceTree = "<group>"; };
		5417A98E296285D90078BB82 /* DataStorage.swift */ = {isa = PBXFileReference; lastKnownFileType = sourcecode.swift; path = DataStorage.swift; sourceTree = "<group>"; };
		5417A990296385EA0078BB82 /* NN Visualization.swift */ = {isa = PBXFileReference; lastKnownFileType = sourcecode.swift; path = "NN Visualization.swift"; sourceTree = "<group>"; };
		5417A9922963B2420078BB82 /* Population.swift */ = {isa = PBXFileReference; lastKnownFileType = sourcecode.swift; path = Population.swift; sourceTree = "<group>"; };
		5417A9942963B2680078BB82 /* Mouse.swift */ = {isa = PBXFileReference; lastKnownFileType = sourcecode.swift; path = Mouse.swift; sourceTree = "<group>"; };
		5417A9962963B2780078BB82 /* Animal.swift */ = {isa = PBXFileReference; lastKnownFileType = sourcecode.swift; path = Animal.swift; sourceTree = "<group>"; };
		5417A99A2963C6600078BB82 /* PongView.swift */ = {isa = PBXFileReference; lastKnownFileType = sourcecode.swift; path = PongView.swift; sourceTree = "<group>"; };
		5417A99D2963D2D50078BB82 /* Vector.swift */ = {isa = PBXFileReference; lastKnownFileType = sourcecode.swift; path = Vector.swift; sourceTree = "<group>"; };
		5417A9A12963D3220078BB82 /* TicTacToe.swift */ = {isa = PBXFileReference; lastKnownFileType = sourcecode.swift; path = TicTacToe.swift; sourceTree = "<group>"; };
		5417A9A329664D190078BB82 /* Organism.swift */ = {isa = PBXFileReference; lastKnownFileType = sourcecode.swift; path = Organism.swift; sourceTree = "<group>"; };
		5417A9A529665F640078BB82 /* Berries.swift */ = {isa = PBXFileReference; lastKnownFileType = sourcecode.swift; path = Berries.swift; sourceTree = "<group>"; };
		5417A9A7296758110078BB82 /* MouseView.swift */ = {isa = PBXFileReference; lastKnownFileType = sourcecode.swift; path = MouseView.swift; sourceTree = "<group>"; };
		5417A9A9296759010078BB82 /* FieldView.swift */ = {isa = PBXFileReference; lastKnownFileType = sourcecode.swift; path = FieldView.swift; sourceTree = "<group>"; };
		5417A9AB29675D000078BB82 /* BerryView.swift */ = {isa = PBXFileReference; lastKnownFileType = sourcecode.swift; path = BerryView.swift; sourceTree = "<group>"; };
		54A755AC2960E84500E91DE4 /* SwiftSafari.app */ = {isa = PBXFileReference; explicitFileType = wrapper.application; includeInIndex = 0; path = SwiftSafari.app; sourceTree = BUILT_PRODUCTS_DIR; };
		54A755AF2960E84500E91DE4 /* SwiftSafariApp.swift */ = {isa = PBXFileReference; lastKnownFileType = sourcecode.swift; path = SwiftSafariApp.swift; sourceTree = "<group>"; };
		54A755B12960E84500E91DE4 /* ContentView.swift */ = {isa = PBXFileReference; lastKnownFileType = sourcecode.swift; path = ContentView.swift; sourceTree = "<group>"; };
		54A755B32960E84600E91DE4 /* Assets.xcassets */ = {isa = PBXFileReference; lastKnownFileType = folder.assetcatalog; path = Assets.xcassets; sourceTree = "<group>"; };
		54A755B52960E84600E91DE4 /* SwiftSafari.entitlements */ = {isa = PBXFileReference; lastKnownFileType = text.plist.entitlements; path = SwiftSafari.entitlements; sourceTree = "<group>"; };
		54A755B72960E84600E91DE4 /* Preview Assets.xcassets */ = {isa = PBXFileReference; lastKnownFileType = folder.assetcatalog; path = "Preview Assets.xcassets"; sourceTree = "<group>"; };
/* End PBXFileReference section */

/* Begin PBXFrameworksBuildPhase section */
		54A755A92960E84500E91DE4 /* Frameworks */ = {
			isa = PBXFrameworksBuildPhase;
			buildActionMask = 2147483647;
			files = (
			);
			runOnlyForDeploymentPostprocessing = 0;
		};
/* End PBXFrameworksBuildPhase section */

/* Begin PBXGroup section */
		5417A9422960E9540078BB82 /* Models */ = {
			isa = PBXGroup;
			children = (
				5417A9442960E9810078BB82 /* Neural Network.swift */,
				5417A9922963B2420078BB82 /* Population.swift */,
				5417A9A529665F640078BB82 /* Berries.swift */,
				5417A9942963B2680078BB82 /* Mouse.swift */,
				5417A9962963B2780078BB82 /* Animal.swift */,
				5417A9A329664D190078BB82 /* Organism.swift */,
			);
			path = Models;
			sourceTree = "<group>";
		};
		5417A9432960E9640078BB82 /* Views */ = {
			isa = PBXGroup;
			children = (
				54A755B12960E84500E91DE4 /* ContentView.swift */,
				5417A9AB29675D000078BB82 /* BerryView.swift */,
				5417A9A7296758110078BB82 /* MouseView.swift */,
				5417A9A9296759010078BB82 /* FieldView.swift */,
				5417A990296385EA0078BB82 /* NN Visualization.swift */,
			);
			path = Views;
			sourceTree = "<group>";
		};
		5417A9992963C6510078BB82 /* Pong */ = {
			isa = PBXGroup;
			children = (
				5417A99A2963C6600078BB82 /* PongView.swift */,
			);
			path = Pong;
			sourceTree = "<group>";
		};
		5417A99C2963D2C80078BB82 /* Utilities */ = {
			isa = PBXGroup;
			children = (
				5417A98E296285D90078BB82 /* DataStorage.swift */,
				5417A99D2963D2D50078BB82 /* Vector.swift */,
			);
			path = Utilities;
			sourceTree = "<group>";
		};
		5417A99F2963D3070078BB82 /* SideQuests */ = {
			isa = PBXGroup;
			children = (
				5417A9A02963D3120078BB82 /* Tic Tac Toe */,
				5417A9992963C6510078BB82 /* Pong */,
			);
			path = SideQuests;
			sourceTree = "<group>";
		};
		5417A9A02963D3120078BB82 /* Tic Tac Toe */ = {
			isa = PBXGroup;
			children = (
				5417A9A12963D3220078BB82 /* TicTacToe.swift */,
			);
			path = "Tic Tac Toe";
			sourceTree = "<group>";
		};
		54A755A32960E84500E91DE4 = {
			isa = PBXGroup;
			children = (
				54A755AE2960E84500E91DE4 /* SwiftSafari */,
				54A755AD2960E84500E91DE4 /* Products */,
			);
			sourceTree = "<group>";
		};
		54A755AD2960E84500E91DE4 /* Products */ = {
			isa = PBXGroup;
			children = (
				54A755AC2960E84500E91DE4 /* SwiftSafari.app */,
			);
			name = Products;
			sourceTree = "<group>";
		};
		54A755AE2960E84500E91DE4 /* SwiftSafari */ = {
			isa = PBXGroup;
			children = (
				54A755AF2960E84500E91DE4 /* SwiftSafariApp.swift */,
				5417A99F2963D3070078BB82 /* SideQuests */,
				5417A9432960E9640078BB82 /* Views */,
				5417A9422960E9540078BB82 /* Models */,
				5417A99C2963D2C80078BB82 /* Utilities */,
				54A755B32960E84600E91DE4 /* Assets.xcassets */,
				54A755B52960E84600E91DE4 /* SwiftSafari.entitlements */,
				54A755B62960E84600E91DE4 /* Preview Content */,
			);
			path = SwiftSafari;
			sourceTree = "<group>";
		};
		54A755B62960E84600E91DE4 /* Preview Content */ = {
			isa = PBXGroup;
			children = (
				54A755B72960E84600E91DE4 /* Preview Assets.xcassets */,
			);
			path = "Preview Content";
			sourceTree = "<group>";
		};
/* End PBXGroup section */

/* Begin PBXNativeTarget section */
		54A755AB2960E84500E91DE4 /* SwiftSafari */ = {
			isa = PBXNativeTarget;
			buildConfigurationList = 54A755BB2960E84600E91DE4 /* Build configuration list for PBXNativeTarget "SwiftSafari" */;
			buildPhases = (
				54A755A82960E84500E91DE4 /* Sources */,
				54A755A92960E84500E91DE4 /* Frameworks */,
				54A755AA2960E84500E91DE4 /* Resources */,
			);
			buildRules = (
			);
			dependencies = (
			);
			name = SwiftSafari;
			productName = SwiftSafari;
			productReference = 54A755AC2960E84500E91DE4 /* SwiftSafari.app */;
			productType = "com.apple.product-type.application";
		};
/* End PBXNativeTarget section */

/* Begin PBXProject section */
		54A755A42960E84500E91DE4 /* Project object */ = {
			isa = PBXProject;
			attributes = {
				BuildIndependentTargetsInParallel = 1;
				LastSwiftUpdateCheck = 1420;
				LastUpgradeCheck = 1420;
				TargetAttributes = {
					54A755AB2960E84500E91DE4 = {
						CreatedOnToolsVersion = 14.2;
					};
				};
			};
			buildConfigurationList = 54A755A72960E84500E91DE4 /* Build configuration list for PBXProject "SwiftSafari" */;
			compatibilityVersion = "Xcode 14.0";
			developmentRegion = en;
			hasScannedForEncodings = 0;
			knownRegions = (
				en,
				Base,
			);
			mainGroup = 54A755A32960E84500E91DE4;
			productRefGroup = 54A755AD2960E84500E91DE4 /* Products */;
			projectDirPath = "";
			projectRoot = "";
			targets = (
				54A755AB2960E84500E91DE4 /* SwiftSafari */,
			);
		};
/* End PBXProject section */

/* Begin PBXResourcesBuildPhase section */
		54A755AA2960E84500E91DE4 /* Resources */ = {
			isa = PBXResourcesBuildPhase;
			buildActionMask = 2147483647;
			files = (
				54A755B82960E84600E91DE4 /* Preview Assets.xcassets in Resources */,
				54A755B42960E84600E91DE4 /* Assets.xcassets in Resources */,
			);
			runOnlyForDeploymentPostprocessing = 0;
		};
/* End PBXResourcesBuildPhase section */

/* Begin PBXSourcesBuildPhase section */
		54A755A82960E84500E91DE4 /* Sources */ = {
			isa = PBXSourcesBuildPhase;
			buildActionMask = 2147483647;
			files = (
				5417A9932963B2420078BB82 /* Population.swift in Sources */,
				5417A9A429664D190078BB82 /* Organism.swift in Sources */,
				5417A9972963B2780078BB82 /* Animal.swift in Sources */,
				5417A9A629665F640078BB82 /* Berries.swift in Sources */,
				5417A9AA296759010078BB82 /* FieldView.swift in Sources */,
				5417A9A8296758110078BB82 /* MouseView.swift in Sources */,
				5417A99E2963D2D50078BB82 /* Vector.swift in Sources */,
				5417A9452960E9810078BB82 /* Neural Network.swift in Sources */,
				5417A9952963B2680078BB82 /* Mouse.swift in Sources */,
				5417A9AC29675D000078BB82 /* BerryView.swift in Sources */,
				5417A9A22963D3220078BB82 /* TicTacToe.swift in Sources */,
				54A755B22960E84500E91DE4 /* ContentView.swift in Sources */,
				5417A991296385EA0078BB82 /* NN Visualization.swift in Sources */,
				54A755B02960E84500E91DE4 /* SwiftSafariApp.swift in Sources */,
				5417A99B2963C6600078BB82 /* PongView.swift in Sources */,
				5417A98F296285D90078BB82 /* DataStorage.swift in Sources */,
			);
			runOnlyForDeploymentPostprocessing = 0;
		};
/* End PBXSourcesBuildPhase section */

/* Begin XCBuildConfiguration section */
		54A755B92960E84600E91DE4 /* Debug */ = {
			isa = XCBuildConfiguration;
			buildSettings = {
				ALWAYS_SEARCH_USER_PATHS = NO;
				CLANG_ANALYZER_NONNULL = YES;
				CLANG_ANALYZER_NUMBER_OBJECT_CONVERSION = YES_AGGRESSIVE;
				CLANG_CXX_LANGUAGE_STANDARD = "gnu++20";
				CLANG_ENABLE_MODULES = YES;
				CLANG_ENABLE_OBJC_ARC = YES;
				CLANG_ENABLE_OBJC_WEAK = YES;
				CLANG_WARN_BLOCK_CAPTURE_AUTORELEASING = YES;
				CLANG_WARN_BOOL_CONVERSION = YES;
				CLANG_WARN_COMMA = YES;
				CLANG_WARN_CONSTANT_CONVERSION = YES;
				CLANG_WARN_DEPRECATED_OBJC_IMPLEMENTATIONS = YES;
				CLANG_WARN_DIRECT_OBJC_ISA_USAGE = YES_ERROR;
				CLANG_WARN_DOCUMENTATION_COMMENTS = YES;
				CLANG_WARN_EMPTY_BODY = YES;
				CLANG_WARN_ENUM_CONVERSION = YES;
				CLANG_WARN_INFINITE_RECURSION = YES;
				CLANG_WARN_INT_CONVERSION = YES;
				CLANG_WARN_NON_LITERAL_NULL_CONVERSION = YES;
				CLANG_WARN_OBJC_IMPLICIT_RETAIN_SELF = YES;
				CLANG_WARN_OBJC_LITERAL_CONVERSION = YES;
				CLANG_WARN_OBJC_ROOT_CLASS = YES_ERROR;
				CLANG_WARN_QUOTED_INCLUDE_IN_FRAMEWORK_HEADER = YES;
				CLANG_WARN_RANGE_LOOP_ANALYSIS = YES;
				CLANG_WARN_STRICT_PROTOTYPES = YES;
				CLANG_WARN_SUSPICIOUS_MOVE = YES;
				CLANG_WARN_UNGUARDED_AVAILABILITY = YES_AGGRESSIVE;
				CLANG_WARN_UNREACHABLE_CODE = YES;
				CLANG_WARN__DUPLICATE_METHOD_MATCH = YES;
				COPY_PHASE_STRIP = NO;
				DEBUG_INFORMATION_FORMAT = dwarf;
				ENABLE_STRICT_OBJC_MSGSEND = YES;
				ENABLE_TESTABILITY = YES;
				GCC_C_LANGUAGE_STANDARD = gnu11;
				GCC_DYNAMIC_NO_PIC = NO;
				GCC_NO_COMMON_BLOCKS = YES;
				GCC_OPTIMIZATION_LEVEL = 0;
				GCC_PREPROCESSOR_DEFINITIONS = (
					"DEBUG=1",
					"$(inherited)",
				);
				GCC_WARN_64_TO_32_BIT_CONVERSION = YES;
				GCC_WARN_ABOUT_RETURN_TYPE = YES_ERROR;
				GCC_WARN_UNDECLARED_SELECTOR = YES;
				GCC_WARN_UNINITIALIZED_AUTOS = YES_AGGRESSIVE;
				GCC_WARN_UNUSED_FUNCTION = YES;
				GCC_WARN_UNUSED_VARIABLE = YES;
				MTL_ENABLE_DEBUG_INFO = INCLUDE_SOURCE;
				MTL_FAST_MATH = YES;
				ONLY_ACTIVE_ARCH = YES;
				SWIFT_ACTIVE_COMPILATION_CONDITIONS = DEBUG;
				SWIFT_OPTIMIZATION_LEVEL = "-Onone";
			};
			name = Debug;
		};
		54A755BA2960E84600E91DE4 /* Release */ = {
			isa = XCBuildConfiguration;
			buildSettings = {
				ALWAYS_SEARCH_USER_PATHS = NO;
				CLANG_ANALYZER_NONNULL = YES;
				CLANG_ANALYZER_NUMBER_OBJECT_CONVERSION = YES_AGGRESSIVE;
				CLANG_CXX_LANGUAGE_STANDARD = "gnu++20";
				CLANG_ENABLE_MODULES = YES;
				CLANG_ENABLE_OBJC_ARC = YES;
				CLANG_ENABLE_OBJC_WEAK = YES;
				CLANG_WARN_BLOCK_CAPTURE_AUTORELEASING = YES;
				CLANG_WARN_BOOL_CONVERSION = YES;
				CLANG_WARN_COMMA = YES;
				CLANG_WARN_CONSTANT_CONVERSION = YES;
				CLANG_WARN_DEPRECATED_OBJC_IMPLEMENTATIONS = YES;
				CLANG_WARN_DIRECT_OBJC_ISA_USAGE = YES_ERROR;
				CLANG_WARN_DOCUMENTATION_COMMENTS = YES;
				CLANG_WARN_EMPTY_BODY = YES;
				CLANG_WARN_ENUM_CONVERSION = YES;
				CLANG_WARN_INFINITE_RECURSION = YES;
				CLANG_WARN_INT_CONVERSION = YES;
				CLANG_WARN_NON_LITERAL_NULL_CONVERSION = YES;
				CLANG_WARN_OBJC_IMPLICIT_RETAIN_SELF = YES;
				CLANG_WARN_OBJC_LITERAL_CONVERSION = YES;
				CLANG_WARN_OBJC_ROOT_CLASS = YES_ERROR;
				CLANG_WARN_QUOTED_INCLUDE_IN_FRAMEWORK_HEADER = YES;
				CLANG_WARN_RANGE_LOOP_ANALYSIS = YES;
				CLANG_WARN_STRICT_PROTOTYPES = YES;
				CLANG_WARN_SUSPICIOUS_MOVE = YES;
				CLANG_WARN_UNGUARDED_AVAILABILITY = YES_AGGRESSIVE;
				CLANG_WARN_UNREACHABLE_CODE = YES;
				CLANG_WARN__DUPLICATE_METHOD_MATCH = YES;
				COPY_PHASE_STRIP = NO;
				DEBUG_INFORMATION_FORMAT = "dwarf-with-dsym";
				ENABLE_NS_ASSERTIONS = NO;
				ENABLE_STRICT_OBJC_MSGSEND = YES;
				GCC_C_LANGUAGE_STANDARD = gnu11;
				GCC_NO_COMMON_BLOCKS = YES;
				GCC_WARN_64_TO_32_BIT_CONVERSION = YES;
				GCC_WARN_ABOUT_RETURN_TYPE = YES_ERROR;
				GCC_WARN_UNDECLARED_SELECTOR = YES;
				GCC_WARN_UNINITIALIZED_AUTOS = YES_AGGRESSIVE;
				GCC_WARN_UNUSED_FUNCTION = YES;
				GCC_WARN_UNUSED_VARIABLE = YES;
				MTL_ENABLE_DEBUG_INFO = NO;
				MTL_FAST_MATH = YES;
				SWIFT_COMPILATION_MODE = wholemodule;
				SWIFT_OPTIMIZATION_LEVEL = "-O";
			};
			name = Release;
		};
		54A755BC2960E84600E91DE4 /* Debug */ = {
			isa = XCBuildConfiguration;
			buildSettings = {
				ASSETCATALOG_COMPILER_APPICON_NAME = AppIcon;
				ASSETCATALOG_COMPILER_GLOBAL_ACCENT_COLOR_NAME = AccentColor;
				CODE_SIGN_ENTITLEMENTS = SwiftSafari/SwiftSafari.entitlements;
				CODE_SIGN_STYLE = Automatic;
				CURRENT_PROJECT_VERSION = 1;
				DEVELOPMENT_ASSET_PATHS = "\"SwiftSafari/Preview Content\"";
				DEVELOPMENT_TEAM = BRJ8Q7JWBR;
				ENABLE_HARDENED_RUNTIME = YES;
				ENABLE_PREVIEWS = YES;
				GENERATE_INFOPLIST_FILE = YES;
				"INFOPLIST_KEY_UIApplicationSceneManifest_Generation[sdk=iphoneos*]" = YES;
				"INFOPLIST_KEY_UIApplicationSceneManifest_Generation[sdk=iphonesimulator*]" = YES;
				"INFOPLIST_KEY_UIApplicationSupportsIndirectInputEvents[sdk=iphoneos*]" = YES;
				"INFOPLIST_KEY_UIApplicationSupportsIndirectInputEvents[sdk=iphonesimulator*]" = YES;
				"INFOPLIST_KEY_UILaunchScreen_Generation[sdk=iphoneos*]" = YES;
				"INFOPLIST_KEY_UILaunchScreen_Generation[sdk=iphonesimulator*]" = YES;
				"INFOPLIST_KEY_UIStatusBarStyle[sdk=iphoneos*]" = UIStatusBarStyleDefault;
				"INFOPLIST_KEY_UIStatusBarStyle[sdk=iphonesimulator*]" = UIStatusBarStyleDefault;
				INFOPLIST_KEY_UISupportedInterfaceOrientations_iPad = "UIInterfaceOrientationPortrait UIInterfaceOrientationPortraitUpsideDown UIInterfaceOrientationLandscapeLeft UIInterfaceOrientationLandscapeRight";
				INFOPLIST_KEY_UISupportedInterfaceOrientations_iPhone = "UIInterfaceOrientationPortrait UIInterfaceOrientationLandscapeLeft UIInterfaceOrientationLandscapeRight";
				IPHONEOS_DEPLOYMENT_TARGET = 16.2;
				LD_RUNPATH_SEARCH_PATHS = "@executable_path/Frameworks";
				"LD_RUNPATH_SEARCH_PATHS[sdk=macosx*]" = "@executable_path/../Frameworks";
				MACOSX_DEPLOYMENT_TARGET = 13.0;
				MARKETING_VERSION = 1.0;
				PRODUCT_BUNDLE_IDENTIFIER = com.tomer.SwiftSafari;
				PRODUCT_NAME = "$(TARGET_NAME)";
				SDKROOT = auto;
				SUPPORTED_PLATFORMS = "iphoneos iphonesimulator macosx";
				SWIFT_EMIT_LOC_STRINGS = YES;
				SWIFT_VERSION = 5.0;
				TARGETED_DEVICE_FAMILY = "1,2";
			};
			name = Debug;
		};
		54A755BD2960E84600E91DE4 /* Release */ = {
			isa = XCBuildConfiguration;
			buildSettings = {
				ASSETCATALOG_COMPILER_APPICON_NAME = AppIcon;
				ASSETCATALOG_COMPILER_GLOBAL_ACCENT_COLOR_NAME = AccentColor;
				CODE_SIGN_ENTITLEMENTS = SwiftSafari/SwiftSafari.entitlements;
				CODE_SIGN_STYLE = Automatic;
				CURRENT_PROJECT_VERSION = 1;
				DEVELOPMENT_ASSET_PATHS = "\"SwiftSafari/Preview Content\"";
				DEVELOPMENT_TEAM = BRJ8Q7JWBR;
				ENABLE_HARDENED_RUNTIME = YES;
				ENABLE_PREVIEWS = YES;
				GENERATE_INFOPLIST_FILE = YES;
				"INFOPLIST_KEY_UIApplicationSceneManifest_Generation[sdk=iphoneos*]" = YES;
				"INFOPLIST_KEY_UIApplicationSceneManifest_Generation[sdk=iphonesimulator*]" = YES;
				"INFOPLIST_KEY_UIApplicationSupportsIndirectInputEvents[sdk=iphoneos*]" = YES;
				"INFOPLIST_KEY_UIApplicationSupportsIndirectInputEvents[sdk=iphonesimulator*]" = YES;
				"INFOPLIST_KEY_UILaunchScreen_Generation[sdk=iphoneos*]" = YES;
				"INFOPLIST_KEY_UILaunchScreen_Generation[sdk=iphonesimulator*]" = YES;
				"INFOPLIST_KEY_UIStatusBarStyle[sdk=iphoneos*]" = UIStatusBarStyleDefault;
				"INFOPLIST_KEY_UIStatusBarStyle[sdk=iphonesimulator*]" = UIStatusBarStyleDefault;
				INFOPLIST_KEY_UISupportedInterfaceOrientations_iPad = "UIInterfaceOrientationPortrait UIInterfaceOrientationPortraitUpsideDown UIInterfaceOrientationLandscapeLeft UIInterfaceOrientationLandscapeRight";
				INFOPLIST_KEY_UISupportedInterfaceOrientations_iPhone = "UIInterfaceOrientationPortrait UIInterfaceOrientationLandscapeLeft UIInterfaceOrientationLandscapeRight";
				IPHONEOS_DEPLOYMENT_TARGET = 16.2;
				LD_RUNPATH_SEARCH_PATHS = "@executable_path/Frameworks";
				"LD_RUNPATH_SEARCH_PATHS[sdk=macosx*]" = "@executable_path/../Frameworks";
				MACOSX_DEPLOYMENT_TARGET = 13.0;
				MARKETING_VERSION = 1.0;
				PRODUCT_BUNDLE_IDENTIFIER = com.tomer.SwiftSafari;
				PRODUCT_NAME = "$(TARGET_NAME)";
				SDKROOT = auto;
				SUPPORTED_PLATFORMS = "iphoneos iphonesimulator macosx";
				SWIFT_EMIT_LOC_STRINGS = YES;
				SWIFT_VERSION = 5.0;
				TARGETED_DEVICE_FAMILY = "1,2";
			};
			name = Release;
		};
/* End XCBuildConfiguration section */

/* Begin XCConfigurationList section */
		54A755A72960E84500E91DE4 /* Build configuration list for PBXProject "SwiftSafari" */ = {
			isa = XCConfigurationList;
			buildConfigurations = (
				54A755B92960E84600E91DE4 /* Debug */,
				54A755BA2960E84600E91DE4 /* Release */,
			);
			defaultConfigurationIsVisible = 0;
			defaultConfigurationName = Release;
		};
		54A755BB2960E84600E91DE4 /* Build configuration list for PBXNativeTarget "SwiftSafari" */ = {
			isa = XCConfigurationList;
			buildConfigurations = (
				54A755BC2960E84600E91DE4 /* Debug */,
				54A755BD2960E84600E91DE4 /* Release */,
			);
			defaultConfigurationIsVisible = 0;
			defaultConfigurationName = Release;
		};
/* End XCConfigurationList section */
	};
	rootObject = 54A755A42960E84500E91DE4 /* Project object */;
}
